{
  "version": 4,
  "terraform_version": "1.15.3",
  "serial": 4,
  "lineage": "58818e06-0d81-3732-f3f1-082c5c49b69e",
  "outputs": {},
  "resources": [
    {
      "mode": "managed",
      "type": "aws_default_vpc",
      "name": "default",
      "provider": "provider[\"registry.terraform.io/hashicorp/aws\"]",
      "instances": [
        {
          "schema_version": 1,
          "attributes": {
            "arn": "arn:aws:ec2:eu-north-1:347651512072:vpc/vpc-0c0e089ed3c99a828",
            "assign_generated_ipv6_cidr_block": false,
            "cidr_block": "172.31.0.0/16",
            "default_network_acl_id": "acl-0b10324e09ca616d9",
            "default_route_table_id": "rtb-0d758b89ffc6c34a4",
            "default_security_group_id": "sg-05b4b4b26a47ed392",
            "dhcp_options_id": "dopt-0326bcc9330febe33",
            "enable_dns_hostnames": true,
            "enable_dns_support": true,
            "enable_network_address_usage_metrics": false,
            "existing_default_vpc": true,
            "force_destroy": false,
            "id": "vpc-0c0e089ed3c99a828",
            "instance_tenancy": "default",
            "ipv6_association_id": "",
            "ipv6_cidr_block": "",
            "ipv6_cidr_block_network_border_group": "",
            "ipv6_ipam_pool_id": "",
            "ipv6_netmask_length": 0,
            "main_route_table_id": "rtb-0d758b89ffc6c34a4",
            "owner_id": "347651512072",
            "region": "eu-north-1",
            "tags": null,
            "tags_all": {}
          },
          "sensitive_attributes": [],
          "identity_schema_version": 0,
          "private": "eyJzY2hlbWFfdmVyc2lvbiI6IjEifQ=="
        }
      ]
    }
  ],
  "check_results": null
}
